
Microsoft Visual Studio Solution File, Format Version 12.00
# Visual Studio 15
VisualStudioVersion = 15.0.27703.2047
MinimumVisualStudioVersion = 10.0.40219.1
Project("{FAE04EC0-301F-11D3-BF4B-00C04F79EFBC}") = "BmpToArray", "BmpToArray\BmpToArray.csproj", "{73499A5B-1775-407D-91BA-2945C5005F44}"
EndProject
Global
	GlobalSection(SolutionConfigurationPlatforms) = preSolution
		Debug|Any CPU = Debug|Any CPU
		Release|Any CPU = Release|Any CPU
	EndGlobalSection
	GlobalSection(ProjectConfigurationPlatforms) = postSolution
		{73499A5B-1775-407D-91BA-2945C5005F44}.Debug|Any CPU.ActiveCfg = Debug|Any CPU
		{73499A5B-1775-407D-91BA-2945C5005F44}.Debug|Any CPU.Build.0 = Debug|Any CPU
		{73499A5B-1775-407D-91BA-2945C5005F44}.Release|Any CPU.ActiveCfg = Release|Any CPU
		{73499A5B-1775-407D-91BA-2945C5005F44}.Release|Any CPU.Build.0 = Release|Any CPU
	EndGlobalSection
	GlobalSection(SolutionProperties) = preSolution
		HideSolutionNode = FALSE
	EndGlobalSection
	GlobalSection(ExtensibilityGlobals) = postSolution
		SolutionGuid = {D577E6D5-B122-42CA-A20D-9F14666A9EEF}
	EndGlobalSection
EndGlobal
